// !$*UTF8*$!
{
	archiveVersion = 1;
	classes = {
	};
	objectVersion = 56;
	objects = {

/* Begin PBXBuildFile section */
		4D2201732B5858EF001E2989 /* TaskyApp.swift in Sources */ = {isa = PBXBuildFile; fileRef = 4D2201722B5858EF001E2989 /* TaskyApp.swift */; };
		4D2201772B5858F0001E2989 /* Assets.xcassets in Resources */ = {isa = PBXBuildFile; fileRef = 4D2201762B5858F0001E2989 /* Assets.xcassets */; };
		4D22017A2B5858F0001E2989 /* Preview Assets.xcassets in Resources */ = {isa = PBXBuildFile; fileRef = 4D2201792B5858F0001E2989 /* Preview Assets.xcassets */; };
		4D2201822B5859E9001E2989 /* Task.swift in Sources */ = {isa = PBXBuildFile; fileRef = 4D2201812B5859E9001E2989 /* Task.swift */; };
		4D2201842B585A05001E2989 /* MinuteGroup.swift in Sources */ = {isa = PBXBuildFile; fileRef = 4D2201832B585A05001E2989 /* MinuteGroup.swift */; };
		4D2201862B585A5D001E2989 /* CreateBlock.swift in Sources */ = {isa = PBXBuildFile; fileRef = 4D2201852B585A5D001E2989 /* CreateBlock.swift */; };
		4D22018A2B585AAF001E2989 /* SymbolView.swift in Sources */ = {isa = PBXBuildFile; fileRef = 4D2201892B585AAF001E2989 /* SymbolView.swift */; };
		4D22018C2B585AC9001E2989 /* NameView.swift in Sources */ = {isa = PBXBuildFile; fileRef = 4D22018B2B585AC9001E2989 /* NameView.swift */; };
		4D2201942B585B39001E2989 /* Date+Tasky.swift in Sources */ = {isa = PBXBuildFile; fileRef = 4D2201932B585B39001E2989 /* Date+Tasky.swift */; };
		4D22019C2B585BB5001E2989 /* SymbolPicker in Frameworks */ = {isa = PBXBuildFile; productRef = 4D22019B2B585BB5001E2989 /* SymbolPicker */; };
		4D22019E2B585BCE001E2989 /* TaskView.swift in Sources */ = {isa = PBXBuildFile; fileRef = 4D22019D2B585BCE001E2989 /* TaskView.swift */; };
		4D9A13E12B5F15DB00970B1A /* TaskCell.swift in Sources */ = {isa = PBXBuildFile; fileRef = 4D9A13E02B5F15DB00970B1A /* TaskCell.swift */; };
		4D9A13E32B5F165F00970B1A /* Action.swift in Sources */ = {isa = PBXBuildFile; fileRef = 4D9A13E22B5F165F00970B1A /* Action.swift */; };
		4D9A13E52B5F166F00970B1A /* ActionType.swift in Sources */ = {isa = PBXBuildFile; fileRef = 4D9A13E42B5F166F00970B1A /* ActionType.swift */; };
		4D9A13E72B5F168A00970B1A /* DragEvent.swift in Sources */ = {isa = PBXBuildFile; fileRef = 4D9A13E62B5F168A00970B1A /* DragEvent.swift */; };
		4D9A13E92B5F169B00970B1A /* CellPlacement.swift in Sources */ = {isa = PBXBuildFile; fileRef = 4D9A13E82B5F169B00970B1A /* CellPlacement.swift */; };
		4D9A13EB2B5F16F000970B1A /* BlockView.swift in Sources */ = {isa = PBXBuildFile; fileRef = 4D9A13EA2B5F16F000970B1A /* BlockView.swift */; };
		4D9A13ED2B5F170000970B1A /* View+Extension.swift in Sources */ = {isa = PBXBuildFile; fileRef = 4D9A13EC2B5F170000970B1A /* View+Extension.swift */; };
		4D9A13EF2B5F173200970B1A /* ActionView.swift in Sources */ = {isa = PBXBuildFile; fileRef = 4D9A13EE2B5F173200970B1A /* ActionView.swift */; };
		4D9A13F12B5F175C00970B1A /* ClusterView.swift in Sources */ = {isa = PBXBuildFile; fileRef = 4D9A13F02B5F175C00970B1A /* ClusterView.swift */; };
		4D9A13F32B5F176A00970B1A /* Cluster.swift in Sources */ = {isa = PBXBuildFile; fileRef = 4D9A13F22B5F176A00970B1A /* Cluster.swift */; };
		4D9A13F52B5F178300970B1A /* CellReorder.swift in Sources */ = {isa = PBXBuildFile; fileRef = 4D9A13F42B5F178300970B1A /* CellReorder.swift */; };
		4D9A13F72B5F179700970B1A /* SampleData.swift in Sources */ = {isa = PBXBuildFile; fileRef = 4D9A13F62B5F179700970B1A /* SampleData.swift */; };
		4D9A13FA2B5F182D00970B1A /* SectionHeader.swift in Sources */ = {isa = PBXBuildFile; fileRef = 4D9A13F92B5F182D00970B1A /* SectionHeader.swift */; };
		4D9A13FC2B5F191D00970B1A /* HomeView.swift in Sources */ = {isa = PBXBuildFile; fileRef = 4D9A13FB2B5F191D00970B1A /* HomeView.swift */; };
		4D9A14002B5F19AF00970B1A /* EditTaskView.swift in Sources */ = {isa = PBXBuildFile; fileRef = 4D9A13FF2B5F19AF00970B1A /* EditTaskView.swift */; };
/* End PBXBuildFile section */

/* Begin PBXFileReference section */
		4D22016F2B5858EF001E2989 /* Tasky.app */ = {isa = PBXFileReference; explicitFileType = wrapper.application; includeInIndex = 0; path = Tasky.app; sourceTree = BUILT_PRODUCTS_DIR; };
		4D2201722B5858EF001E2989 /* TaskyApp.swift */ = {isa = PBXFileReference; lastKnownFileType = sourcecode.swift; path = TaskyApp.swift; sourceTree = "<group>"; };
		4D2201762B5858F0001E2989 /* Assets.xcassets */ = {isa = PBXFileReference; lastKnownFileType = folder.assetcatalog; path = Assets.xcassets; sourceTree = "<group>"; };
		4D2201792B5858F0001E2989 /* Preview Assets.xcassets */ = {isa = PBXFileReference; lastKnownFileType = folder.assetcatalog; path = "Preview Assets.xcassets"; sourceTree = "<group>"; };
		4D2201812B5859E9001E2989 /* Task.swift */ = {isa = PBXFileReference; lastKnownFileType = sourcecode.swift; path = Task.swift; sourceTree = "<group>"; };
		4D2201832B585A05001E2989 /* MinuteGroup.swift */ = {isa = PBXFileReference; lastKnownFileType = sourcecode.swift; path = MinuteGroup.swift; sourceTree = "<group>"; };
		4D2201852B585A5D001E2989 /* CreateBlock.swift */ = {isa = PBXFileReference; lastKnownFileType = sourcecode.swift; path = CreateBlock.swift; sourceTree = "<group>"; };
		4D2201892B585AAF001E2989 /* SymbolView.swift */ = {isa = PBXFileReference; lastKnownFileType = sourcecode.swift; path = SymbolView.swift; sourceTree = "<group>"; };
		4D22018B2B585AC9001E2989 /* NameView.swift */ = {isa = PBXFileReference; lastKnownFileType = sourcecode.swift; path = NameView.swift; sourceTree = "<group>"; };
		4D2201932B585B39001E2989 /* Date+Tasky.swift */ = {isa = PBXFileReference; lastKnownFileType = sourcecode.swift; path = "Date+Tasky.swift"; sourceTree = "<group>"; };
		4D22019D2B585BCE001E2989 /* TaskView.swift */ = {isa = PBXFileReference; lastKnownFileType = sourcecode.swift; path = TaskView.swift; sourceTree = "<group>"; };
		4D9A13E02B5F15DB00970B1A /* TaskCell.swift */ = {isa = PBXFileReference; lastKnownFileType = sourcecode.swift; path = TaskCell.swift; sourceTree = "<group>"; };
		4D9A13E22B5F165F00970B1A /* Action.swift */ = {isa = PBXFileReference; lastKnownFileType = sourcecode.swift; path = Action.swift; sourceTree = "<group>"; };
		4D9A13E42B5F166F00970B1A /* ActionType.swift */ = {isa = PBXFileReference; lastKnownFileType = sourcecode.swift; path = ActionType.swift; sourceTree = "<group>"; };
		4D9A13E62B5F168A00970B1A /* DragEvent.swift */ = {isa = PBXFileReference; lastKnownFileType = sourcecode.swift; path = DragEvent.swift; sourceTree = "<group>"; };
		4D9A13E82B5F169B00970B1A /* CellPlacement.swift */ = {isa = PBXFileReference; lastKnownFileType = sourcecode.swift; path = CellPlacement.swift; sourceTree = "<group>"; };
		4D9A13EA2B5F16F000970B1A /* BlockView.swift */ = {isa = PBXFileReference; lastKnownFileType = sourcecode.swift; path = BlockView.swift; sourceTree = "<group>"; };
		4D9A13EC2B5F170000970B1A /* View+Extension.swift */ = {isa = PBXFileReference; lastKnownFileType = sourcecode.swift; path = "View+Extension.swift"; sourceTree = "<group>"; };
		4D9A13EE2B5F173200970B1A /* ActionView.swift */ = {isa = PBXFileReference; lastKnownFileType = sourcecode.swift; path = ActionView.swift; sourceTree = "<group>"; };
		4D9A13F02B5F175C00970B1A /* ClusterView.swift */ = {isa = PBXFileReference; lastKnownFileType = sourcecode.swift; path = ClusterView.swift; sourceTree = "<group>"; };
		4D9A13F22B5F176A00970B1A /* Cluster.swift */ = {isa = PBXFileReference; lastKnownFileType = sourcecode.swift; path = Cluster.swift; sourceTree = "<group>"; };
		4D9A13F42B5F178300970B1A /* CellReorder.swift */ = {isa = PBXFileReference; lastKnownFileType = sourcecode.swift; path = CellReorder.swift; sourceTree = "<group>"; };
		4D9A13F62B5F179700970B1A /* SampleData.swift */ = {isa = PBXFileReference; lastKnownFileType = sourcecode.swift; path = SampleData.swift; sourceTree = "<group>"; };
		4D9A13F92B5F182D00970B1A /* SectionHeader.swift */ = {isa = PBXFileReference; lastKnownFileType = sourcecode.swift; path = SectionHeader.swift; sourceTree = "<group>"; };
		4D9A13FB2B5F191D00970B1A /* HomeView.swift */ = {isa = PBXFileReference; lastKnownFileType = sourcecode.swift; path = HomeView.swift; sourceTree = "<group>"; };
		4D9A13FF2B5F19AF00970B1A /* EditTaskView.swift */ = {isa = PBXFileReference; lastKnownFileType = sourcecode.swift; path = EditTaskView.swift; sourceTree = "<group>"; };
/* End PBXFileReference section */

/* Begin PBXFrameworksBuildPhase section */
		4D22016C2B5858EF001E2989 /* Frameworks */ = {
			isa = PBXFrameworksBuildPhase;
			buildActionMask = 2147483647;
			files = (
				4D22019C2B585BB5001E2989 /* SymbolPicker in Frameworks */,
			);
			runOnlyForDeploymentPostprocessing = 0;
		};
/* End PBXFrameworksBuildPhase section */

/* Begin PBXGroup section */
		4D2201662B5858EF001E2989 = {
			isa = PBXGroup;
			children = (
				4D2201712B5858EF001E2989 /* Tasky */,
				4D2201702B5858EF001E2989 /* Products */,
			);
			sourceTree = "<group>";
		};
		4D2201702B5858EF001E2989 /* Products */ = {
			isa = PBXGroup;
			children = (
				4D22016F2B5858EF001E2989 /* Tasky.app */,
			);
			name = Products;
			sourceTree = "<group>";
		};
		4D2201712B5858EF001E2989 /* Tasky */ = {
			isa = PBXGroup;
			children = (
				4D2201902B585AEB001E2989 /* App */,
				4D9A14022B5F19C400970B1A /* Home View */,
				4D22019F2B585BEC001E2989 /* Task View */,
				4D9A14012B5F19B800970B1A /* Edit Task View */,
				4D22018E2B585AE1001E2989 /* Model */,
				4D9A13F82B5F179E00970B1A /* Sample Data */,
				4D22018D2B585ADB001E2989 /* Components */,
				4D2201952B585B40001E2989 /* Extensions */,
				4D2201762B5858F0001E2989 /* Assets.xcassets */,
				4D2201782B5858F0001E2989 /* Preview Content */,
			);
			path = Tasky;
			sourceTree = "<group>";
		};
		4D2201782B5858F0001E2989 /* Preview Content */ = {
			isa = PBXGroup;
			children = (
				4D2201792B5858F0001E2989 /* Preview Assets.xcassets */,
			);
			path = "Preview Content";
			sourceTree = "<group>";
		};
		4D22018D2B585ADB001E2989 /* Components */ = {
			isa = PBXGroup;
			children = (
				4D2201852B585A5D001E2989 /* CreateBlock.swift */,
				4D9A13EA2B5F16F000970B1A /* BlockView.swift */,
				4D2201892B585AAF001E2989 /* SymbolView.swift */,
				4D22018B2B585AC9001E2989 /* NameView.swift */,
				4D9A13EE2B5F173200970B1A /* ActionView.swift */,
				4D9A13F92B5F182D00970B1A /* SectionHeader.swift */,
			);
			path = Components;
			sourceTree = "<group>";
		};
		4D22018E2B585AE1001E2989 /* Model */ = {
			isa = PBXGroup;
			children = (
				4D9A13F22B5F176A00970B1A /* Cluster.swift */,
				4D2201812B5859E9001E2989 /* Task.swift */,
				4D2201832B585A05001E2989 /* MinuteGroup.swift */,
				4D9A13E22B5F165F00970B1A /* Action.swift */,
				4D9A13E42B5F166F00970B1A /* ActionType.swift */,
				4D9A13E62B5F168A00970B1A /* DragEvent.swift */,
				4D9A13E82B5F169B00970B1A /* CellPlacement.swift */,
				4D9A13F42B5F178300970B1A /* CellReorder.swift */,
			);
			path = Model;
			sourceTree = "<group>";
		};
		4D2201902B585AEB001E2989 /* App */ = {
			isa = PBXGroup;
			children = (
				4D2201722B5858EF001E2989 /* TaskyApp.swift */,
			);
			path = App;
			sourceTree = "<group>";
		};
		4D2201952B585B40001E2989 /* Extensions */ = {
			isa = PBXGroup;
			children = (
				4D2201932B585B39001E2989 /* Date+Tasky.swift */,
				4D9A13EC2B5F170000970B1A /* View+Extension.swift */,
			);
			path = Extensions;
			sourceTree = "<group>";
		};
		4D22019F2B585BEC001E2989 /* Task View */ = {
			isa = PBXGroup;
			children = (
				4D22019D2B585BCE001E2989 /* TaskView.swift */,
			);
			path = "Task View";
			sourceTree = "<group>";
		};
		4D9A13F82B5F179E00970B1A /* Sample Data */ = {
			isa = PBXGroup;
			children = (
				4D9A13F62B5F179700970B1A /* SampleData.swift */,
			);
			path = "Sample Data";
			sourceTree = "<group>";
		};
		4D9A14012B5F19B800970B1A /* Edit Task View */ = {
			isa = PBXGroup;
			children = (
				4D9A13FF2B5F19AF00970B1A /* EditTaskView.swift */,
			);
			path = "Edit Task View";
			sourceTree = "<group>";
		};
		4D9A14022B5F19C400970B1A /* Home View */ = {
			isa = PBXGroup;
			children = (
				4D9A13FB2B5F191D00970B1A /* HomeView.swift */,
				4D9A13F02B5F175C00970B1A /* ClusterView.swift */,
				4D9A13E02B5F15DB00970B1A /* TaskCell.swift */,
			);
			path = "Home View";
			sourceTree = "<group>";
		};
/* End PBXGroup section */

/* Begin PBXNativeTarget section */
		4D22016E2B5858EF001E2989 /* Tasky */ = {
			isa = PBXNativeTarget;
			buildConfigurationList = 4D22017D2B5858F0001E2989 /* Build configuration list for PBXNativeTarget "Tasky" */;
			buildPhases = (
				4D22016B2B5858EF001E2989 /* Sources */,
				4D22016C2B5858EF001E2989 /* Frameworks */,
				4D22016D2B5858EF001E2989 /* Resources */,
			);
			buildRules = (
			);
			dependencies = (
			);
			name = Tasky;
			packageProductDependencies = (
				4D22019B2B585BB5001E2989 /* SymbolPicker */,
			);
			productName = Tasky;
			productReference = 4D22016F2B5858EF001E2989 /* Tasky.app */;
			productType = "com.apple.product-type.application";
		};
/* End PBXNativeTarget section */

/* Begin PBXProject section */
		4D2201672B5858EF001E2989 /* Project object */ = {
			isa = PBXProject;
			attributes = {
				BuildIndependentTargetsInParallel = 1;
				LastSwiftUpdateCheck = 1500;
				LastUpgradeCheck = 1500;
				TargetAttributes = {
					4D22016E2B5858EF001E2989 = {
						CreatedOnToolsVersion = 15.0;
					};
				};
			};
			buildConfigurationList = 4D22016A2B5858EF001E2989 /* Build configuration list for PBXProject "Tasky" */;
			compatibilityVersion = "Xcode 14.0";
			developmentRegion = en;
			hasScannedForEncodings = 0;
			knownRegions = (
				en,
				Base,
			);
			mainGroup = 4D2201662B5858EF001E2989;
			packageReferences = (
				4D22019A2B585BB5001E2989 /* XCRemoteSwiftPackageReference "SymbolPicker" */,
			);
			productRefGroup = 4D2201702B5858EF001E2989 /* Products */;
			projectDirPath = "";
			projectRoot = "";
			targets = (
				4D22016E2B5858EF001E2989 /* Tasky */,
			);
		};
/* End PBXProject section */

/* Begin PBXResourcesBuildPhase section */
		4D22016D2B5858EF001E2989 /* Resources */ = {
			isa = PBXResourcesBuildPhase;
			buildActionMask = 2147483647;
			files = (
				4D22017A2B5858F0001E2989 /* Preview Assets.xcassets in Resources */,
				4D2201772B5858F0001E2989 /* Assets.xcassets in Resources */,
			);
			runOnlyForDeploymentPostprocessing = 0;
		};
/* End PBXResourcesBuildPhase section */

/* Begin PBXSourcesBuildPhase section */
		4D22016B2B5858EF001E2989 /* Sources */ = {
			isa = PBXSourcesBuildPhase;
			buildActionMask = 2147483647;
			files = (
				4D9A13FC2B5F191D00970B1A /* HomeView.swift in Sources */,
				4D9A13F32B5F176A00970B1A /* Cluster.swift in Sources */,
				4D9A13F12B5F175C00970B1A /* ClusterView.swift in Sources */,
				4D9A13E92B5F169B00970B1A /* CellPlacement.swift in Sources */,
				4D9A13ED2B5F170000970B1A /* View+Extension.swift in Sources */,
				4D2201822B5859E9001E2989 /* Task.swift in Sources */,
				4D9A13E72B5F168A00970B1A /* DragEvent.swift in Sources */,
				4D9A13EF2B5F173200970B1A /* ActionView.swift in Sources */,
				4D2201732B5858EF001E2989 /* TaskyApp.swift in Sources */,
				4D9A13EB2B5F16F000970B1A /* BlockView.swift in Sources */,
				4D9A13FA2B5F182D00970B1A /* SectionHeader.swift in Sources */,
				4D2201862B585A5D001E2989 /* CreateBlock.swift in Sources */,
				4D22018C2B585AC9001E2989 /* NameView.swift in Sources */,
				4D9A14002B5F19AF00970B1A /* EditTaskView.swift in Sources */,
				4D9A13E12B5F15DB00970B1A /* TaskCell.swift in Sources */,
				4D2201842B585A05001E2989 /* MinuteGroup.swift in Sources */,
				4D2201942B585B39001E2989 /* Date+Tasky.swift in Sources */,
				4D9A13F72B5F179700970B1A /* SampleData.swift in Sources */,
				4D9A13E52B5F166F00970B1A /* ActionType.swift in Sources */,
				4D22019E2B585BCE001E2989 /* TaskView.swift in Sources */,
				4D9A13E32B5F165F00970B1A /* Action.swift in Sources */,
				4D22018A2B585AAF001E2989 /* SymbolView.swift in Sources */,
				4D9A13F52B5F178300970B1A /* CellReorder.swift in Sources */,
			);
			runOnlyForDeploymentPostprocessing = 0;
		};
/* End PBXSourcesBuildPhase section */

/* Begin XCBuildConfiguration section */
		4D22017B2B5858F0001E2989 /* Debug */ = {
			isa = XCBuildConfiguration;
			buildSettings = {
				ALWAYS_SEARCH_USER_PATHS = NO;
				ASSETCATALOG_COMPILER_GENERATE_SWIFT_ASSET_SYMBOL_EXTENSIONS = YES;
				CLANG_ANALYZER_NONNULL = YES;
				CLANG_ANALYZER_NUMBER_OBJECT_CONVERSION = YES_AGGRESSIVE;
				CLANG_CXX_LANGUAGE_STANDARD = "gnu++20";
				CLANG_ENABLE_MODULES = YES;
				CLANG_ENABLE_OBJC_ARC = YES;
				CLANG_ENABLE_OBJC_WEAK = YES;
				CLANG_WARN_BLOCK_CAPTURE_AUTORELEASING = YES;
				CLANG_WARN_BOOL_CONVERSION = YES;
				CLANG_WARN_COMMA = YES;
				CLANG_WARN_CONSTANT_CONVERSION = YES;
				CLANG_WARN_DEPRECATED_OBJC_IMPLEMENTATIONS = YES;
				CLANG_WARN_DIRECT_OBJC_ISA_USAGE = YES_ERROR;
				CLANG_WARN_DOCUMENTATION_COMMENTS = YES;
				CLANG_WARN_EMPTY_BODY = YES;
				CLANG_WARN_ENUM_CONVERSION = YES;
				CLANG_WARN_INFINITE_RECURSION = YES;
				CLANG_WARN_INT_CONVERSION = YES;
				CLANG_WARN_NON_LITERAL_NULL_CONVERSION = YES;
				CLANG_WARN_OBJC_IMPLICIT_RETAIN_SELF = YES;
				CLANG_WARN_OBJC_LITERAL_CONVERSION = YES;
				CLANG_WARN_OBJC_ROOT_CLASS = YES_ERROR;
				CLANG_WARN_QUOTED_INCLUDE_IN_FRAMEWORK_HEADER = YES;
				CLANG_WARN_RANGE_LOOP_ANALYSIS = YES;
				CLANG_WARN_STRICT_PROTOTYPES = YES;
				CLANG_WARN_SUSPICIOUS_MOVE = YES;
				CLANG_WARN_UNGUARDED_AVAILABILITY = YES_AGGRESSIVE;
				CLANG_WARN_UNREACHABLE_CODE = YES;
				CLANG_WARN__DUPLICATE_METHOD_MATCH = YES;
				COPY_PHASE_STRIP = NO;
				DEBUG_INFORMATION_FORMAT = dwarf;
				ENABLE_STRICT_OBJC_MSGSEND = YES;
				ENABLE_TESTABILITY = YES;
				ENABLE_USER_SCRIPT_SANDBOXING = YES;
				GCC_C_LANGUAGE_STANDARD = gnu17;
				GCC_DYNAMIC_NO_PIC = NO;
				GCC_NO_COMMON_BLOCKS = YES;
				GCC_OPTIMIZATION_LEVEL = 0;
				GCC_PREPROCESSOR_DEFINITIONS = (
					"DEBUG=1",
					"$(inherited)",
				);
				GCC_WARN_64_TO_32_BIT_CONVERSION = YES;
				GCC_WARN_ABOUT_RETURN_TYPE = YES_ERROR;
				GCC_WARN_UNDECLARED_SELECTOR = YES;
				GCC_WARN_UNINITIALIZED_AUTOS = YES_AGGRESSIVE;
				GCC_WARN_UNUSED_FUNCTION = YES;
				GCC_WARN_UNUSED_VARIABLE = YES;
				IPHONEOS_DEPLOYMENT_TARGET = 17.0;
				LOCALIZATION_PREFERS_STRING_CATALOGS = YES;
				MTL_ENABLE_DEBUG_INFO = INCLUDE_SOURCE;
				MTL_FAST_MATH = YES;
				ONLY_ACTIVE_ARCH = YES;
				SDKROOT = iphoneos;
				SWIFT_ACTIVE_COMPILATION_CONDITIONS = "DEBUG $(inherited)";
				SWIFT_OPTIMIZATION_LEVEL = "-Onone";
			};
			name = Debug;
		};
		4D22017C2B5858F0001E2989 /* Release */ = {
			isa = XCBuildConfiguration;
			buildSettings = {
				ALWAYS_SEARCH_USER_PATHS = NO;
				ASSETCATALOG_COMPILER_GENERATE_SWIFT_ASSET_SYMBOL_EXTENSIONS = YES;
				CLANG_ANALYZER_NONNULL = YES;
				CLANG_ANALYZER_NUMBER_OBJECT_CONVERSION = YES_AGGRESSIVE;
				CLANG_CXX_LANGUAGE_STANDARD = "gnu++20";
				CLANG_ENABLE_MODULES = YES;
				CLANG_ENABLE_OBJC_ARC = YES;
				CLANG_ENABLE_OBJC_WEAK = YES;
				CLANG_WARN_BLOCK_CAPTURE_AUTORELEASING = YES;
				CLANG_WARN_BOOL_CONVERSION = YES;
				CLANG_WARN_COMMA = YES;
				CLANG_WARN_CONSTANT_CONVERSION = YES;
				CLANG_WARN_DEPRECATED_OBJC_IMPLEMENTATIONS = YES;
				CLANG_WARN_DIRECT_OBJC_ISA_USAGE = YES_ERROR;
				CLANG_WARN_DOCUMENTATION_COMMENTS = YES;
				CLANG_WARN_EMPTY_BODY = YES;
				CLANG_WARN_ENUM_CONVERSION = YES;
				CLANG_WARN_INFINITE_RECURSION = YES;
				CLANG_WARN_INT_CONVERSION = YES;
				CLANG_WARN_NON_LITERAL_NULL_CONVERSION = YES;
				CLANG_WARN_OBJC_IMPLICIT_RETAIN_SELF = YES;
				CLANG_WARN_OBJC_LITERAL_CONVERSION = YES;
				CLANG_WARN_OBJC_ROOT_CLASS = YES_ERROR;
				CLANG_WARN_QUOTED_INCLUDE_IN_FRAMEWORK_HEADER = YES;
				CLANG_WARN_RANGE_LOOP_ANALYSIS = YES;
				CLANG_WARN_STRICT_PROTOTYPES = YES;
				CLANG_WARN_SUSPICIOUS_MOVE = YES;
				CLANG_WARN_UNGUARDED_AVAILABILITY = YES_AGGRESSIVE;
				CLANG_WARN_UNREACHABLE_CODE = YES;
				CLANG_WARN__DUPLICATE_METHOD_MATCH = YES;
				COPY_PHASE_STRIP = NO;
				DEBUG_INFORMATION_FORMAT = "dwarf-with-dsym";
				ENABLE_NS_ASSERTIONS = NO;
				ENABLE_STRICT_OBJC_MSGSEND = YES;
				ENABLE_USER_SCRIPT_SANDBOXING = YES;
				GCC_C_LANGUAGE_STANDARD = gnu17;
				GCC_NO_COMMON_BLOCKS = YES;
				GCC_WARN_64_TO_32_BIT_CONVERSION = YES;
				GCC_WARN_ABOUT_RETURN_TYPE = YES_ERROR;
				GCC_WARN_UNDECLARED_SELECTOR = YES;
				GCC_WARN_UNINITIALIZED_AUTOS = YES_AGGRESSIVE;
				GCC_WARN_UNUSED_FUNCTION = YES;
				GCC_WARN_UNUSED_VARIABLE = YES;
				IPHONEOS_DEPLOYMENT_TARGET = 17.0;
				LOCALIZATION_PREFERS_STRING_CATALOGS = YES;
				MTL_ENABLE_DEBUG_INFO = NO;
				MTL_FAST_MATH = YES;
				SDKROOT = iphoneos;
				SWIFT_COMPILATION_MODE = wholemodule;
				VALIDATE_PRODUCT = YES;
			};
			name = Release;
		};
		4D22017E2B5858F0001E2989 /* Debug */ = {
			isa = XCBuildConfiguration;
			buildSettings = {
				ASSETCATALOG_COMPILER_APPICON_NAME = AppIcon;
				ASSETCATALOG_COMPILER_GLOBAL_ACCENT_COLOR_NAME = AccentColor;
				CODE_SIGN_STYLE = Automatic;
				CURRENT_PROJECT_VERSION = 1;
				DEVELOPMENT_ASSET_PATHS = "\"Tasky/Preview Content\"";
				DEVELOPMENT_TEAM = 7D24MS8B7V;
				ENABLE_PREVIEWS = YES;
				GENERATE_INFOPLIST_FILE = YES;
				INFOPLIST_KEY_UIApplicationSceneManifest_Generation = YES;
				INFOPLIST_KEY_UIApplicationSupportsIndirectInputEvents = YES;
				INFOPLIST_KEY_UILaunchScreen_Generation = YES;
				INFOPLIST_KEY_UISupportedInterfaceOrientations_iPad = "UIInterfaceOrientationPortrait UIInterfaceOrientationPortraitUpsideDown UIInterfaceOrientationLandscapeLeft UIInterfaceOrientationLandscapeRight";
				INFOPLIST_KEY_UISupportedInterfaceOrientations_iPhone = "UIInterfaceOrientationPortrait UIInterfaceOrientationLandscapeLeft UIInterfaceOrientationLandscapeRight";
				LD_RUNPATH_SEARCH_PATHS = (
					"$(inherited)",
					"@executable_path/Frameworks",
				);
				MARKETING_VERSION = 1.0;
				PRODUCT_BUNDLE_IDENTIFIER = com.fernandocervantes.Tasky;
				PRODUCT_NAME = "$(TARGET_NAME)";
				SWIFT_EMIT_LOC_STRINGS = YES;
				SWIFT_VERSION = 5.0;
				TARGETED_DEVICE_FAMILY = "1,2";
			};
			name = Debug;
		};
		4D22017F2B5858F0001E2989 /* Release */ = {
			isa = XCBuildConfiguration;
			buildSettings = {
				ASSETCATALOG_COMPILER_APPICON_NAME = AppIcon;
				ASSETCATALOG_COMPILER_GLOBAL_ACCENT_COLOR_NAME = AccentColor;
				CODE_SIGN_STYLE = Automatic;
				CURRENT_PROJECT_VERSION = 1;
				DEVELOPMENT_ASSET_PATHS = "\"Tasky/Preview Content\"";
				DEVELOPMENT_TEAM = 7D24MS8B7V;
				ENABLE_PREVIEWS = YES;
				GENERATE_INFOPLIST_FILE = YES;
				INFOPLIST_KEY_UIApplicationSceneManifest_Generation = YES;
				INFOPLIST_KEY_UIApplicationSupportsIndirectInputEvents = YES;
				INFOPLIST_KEY_UILaunchScreen_Generation = YES;
				INFOPLIST_KEY_UISupportedInterfaceOrientations_iPad = "UIInterfaceOrientationPortrait UIInterfaceOrientationPortraitUpsideDown UIInterfaceOrientationLandscapeLeft UIInterfaceOrientationLandscapeRight";
				INFOPLIST_KEY_UISupportedInterfaceOrientations_iPhone = "UIInterfaceOrientationPortrait UIInterfaceOrientationLandscapeLeft UIInterfaceOrientationLandscapeRight";
				LD_RUNPATH_SEARCH_PATHS = (
					"$(inherited)",
					"@executable_path/Frameworks",
				);
				MARKETING_VERSION = 1.0;
				PRODUCT_BUNDLE_IDENTIFIER = com.fernandocervantes.Tasky;
				PRODUCT_NAME = "$(TARGET_NAME)";
				SWIFT_EMIT_LOC_STRINGS = YES;
				SWIFT_VERSION = 5.0;
				TARGETED_DEVICE_FAMILY = "1,2";
			};
			name = Release;
		};
/* End XCBuildConfiguration section */

/* Begin XCConfigurationList section */
		4D22016A2B5858EF001E2989 /* Build configuration list for PBXProject "Tasky" */ = {
			isa = XCConfigurationList;
			buildConfigurations = (
				4D22017B2B5858F0001E2989 /* Debug */,
				4D22017C2B5858F0001E2989 /* Release */,
			);
			defaultConfigurationIsVisible = 0;
			defaultConfigurationName = Release;
		};
		4D22017D2B5858F0001E2989 /* Build configuration list for PBXNativeTarget "Tasky" */ = {
			isa = XCConfigurationList;
			buildConfigurations = (
				4D22017E2B5858F0001E2989 /* Debug */,
				4D22017F2B5858F0001E2989 /* Release */,
			);
			defaultConfigurationIsVisible = 0;
			defaultConfigurationName = Release;
		};
/* End XCConfigurationList section */

/* Begin XCRemoteSwiftPackageReference section */
		4D22019A2B585BB5001E2989 /* XCRemoteSwiftPackageReference "SymbolPicker" */ = {
			isa = XCRemoteSwiftPackageReference;
			repositoryURL = "https://github.com/xnth97/SymbolPicker.git";
			requirement = {
				kind = upToNextMajorVersion;
				minimumVersion = 1.5.1;
			};
		};
/* End XCRemoteSwiftPackageReference section */

/* Begin XCSwiftPackageProductDependency section */
		4D22019B2B585BB5001E2989 /* SymbolPicker */ = {
			isa = XCSwiftPackageProductDependency;
			package = 4D22019A2B585BB5001E2989 /* XCRemoteSwiftPackageReference "SymbolPicker" */;
			productName = SymbolPicker;
		};
/* End XCSwiftPackageProductDependency section */
	};
	rootObject = 4D2201672B5858EF001E2989 /* Project object */;
}
